<?xml version="1.0" encoding="utf-8"?>
<Project ToolsVersion="4.0" xmlns="http://schemas.microsoft.com/developer/msbuild/2003">
  <ItemGroup>
    <Filter Include="ソース ファイル">
      <UniqueIdentifier>{4FC737F1-C7A5-4376-A066-2A32D752A2FF}</UniqueIdentifier>
      <Extensions>cpp;c;cc;cxx;c++;cppm;ixx;def;odl;idl;hpj;bat;asm;asmx</Extensions>
    </Filter>
    <Filter Include="ヘッダー ファイル">
      <UniqueIdentifier>{93995380-89BD-4b04-88EB-625FBE52EBFB}</UniqueIdentifier>
      <Extensions>h;hh;hpp;hxx;h++;hm;inl;inc;ipp;xsd</Extensions>
    </Filter>
    <Filter Include="リソース ファイル">
      <UniqueIdentifier>{67DA6AB6-F800-4c08-8B7A-83BB121AAD01}</UniqueIdentifier>
      <Extensions>rc;ico;cur;bmp;dlg;rc2;rct;bin;rgs;gif;jpg;jpeg;jpe;resx;tiff;tif;png;wav;mfcribbon-ms</Extensions>
    </Filter>
    <Filter Include="リソース ファイル\データ">
      <UniqueIdentifier>{edc8215b-b73b-4fde-b36f-176f9d298150}</UniqueIdentifier>
    </Filter>
    <Filter Include="リソース ファイル\データ\ジョブデータ">
      <UniqueIdentifier>{dc5db5b7-ef2d-4ea4-85fb-79cac1865063}</UniqueIdentifier>
    </Filter>
    <Filter Include="リソース ファイル\データ\ユニットデータ">
      <UniqueIdentifier>{5c454a46-2273-4fe3-940f-0728b046838c}</UniqueIdentifier>
    </Filter>
    <Filter Include="リソース ファイル\画像ファイル">
      <UniqueIdentifier>{634fa0c9-eebb-471b-b027-1864e8f5c80b}</UniqueIdentifier>
    </Filter>
  </ItemGroup>
  <ItemGroup>
    <CustomBuild Include="Triangle.vert">
      <Filter>リソース ファイル</Filter>
    </CustomBuild>
    <CustomBuild Include="Triangle.frag">
      <Filter>リソース ファイル</Filter>
    </CustomBuild>
  </ItemGroup>
  <ItemGroup>
    <ClCompile Include="Main.cpp">
      <Filter>ソース ファイル</Filter>
    </ClCompile>
    <ClCompile Include="Win32Window.cpp">
      <Filter>ソース ファイル</Filter>
    </ClCompile>
    <ClCompile Include="VulkanRenderer.cpp">
      <Filter>ソース ファイル</Filter>
    </ClCompile>
    <ClCompile Include="pch.cpp">
      <Filter>ソース ファイル</Filter>
    </ClCompile>
    <ClCompile Include="DebugConsole.cpp">
      <Filter>ソース ファイル</Filter>
    </ClCompile>
    <ClCompile Include="ImageLoader.cpp">
      <Filter>ソース ファイル</Filter>
    </ClCompile>
  </ItemGroup>
  <ItemGroup>
    <ClInclude Include="Win32Window.hpp">
      <Filter>ヘッダー ファイル</Filter>
    </ClInclude>
    <ClInclude Include="VulkanCheck.hpp">
      <Filter>ヘッダー ファイル</Filter>
    </ClInclude>
    <ClInclude Include="VulkanRenderer.hpp">
      <Filter>ヘッダー ファイル</Filter>
    </ClInclude>
    <ClInclude Include="pch.hpp">
      <Filter>ヘッダー ファイル</Filter>
    </ClInclude>
    <ClInclude Include="DebugConsole.hpp">
      <Filter>ヘッダー ファイル</Filter>
    </ClInclude>
    <ClInclude Include="ImageLoader.hpp">
      <Filter>ヘッダー ファイル</Filter>
    </ClInclude>
  </ItemGroup>
  <ItemGroup>
    <Text Include="data\jobs\Jobs.toml">
      <Filter>リソース ファイル\データ\ジョブデータ</Filter>
    </Text>
    <Text Include="data\units\Exellia-normal.toml">
      <Filter>リソース ファイル\データ\ユニットデータ</Filter>
    </Text>
    <Text Include="data\units\Exellia-semiprime.toml">
      <Filter>リソース ファイル\データ\ユニットデータ</Filter>
    </Text>
    <Text Include="data\units\Units.toml">
      <Filter>リソース ファイル\データ\ユニットデータ</Filter>
    </Text>
  </ItemGroup>
  <ItemGroup>
    <Image Include="assets\images\playable\exellia_renewal(LoC).png">
      <Filter>リソース ファイル\画像ファイル</Filter>
    </Image>
    <Image Include="assets\images\playable\exellia_renewal.png">
      <Filter>リソース ファイル\画像ファイル</Filter>
    </Image>
  </ItemGroup>
</Project>